
Microsoft Visual Studio Solution File, Format Version 12.00
# Visual Studio Version 16
VisualStudioVersion = 16.0.28922.388
MinimumVisualStudioVersion = 10.0.40219.1
Project("{9A19103F-16F7-4668-BE54-9A1E7A4F7556}") = "FocLab.Logic", "FocLab.Logic\FocLab.Logic.csproj", "{A5575CBC-2DB7-466E-A271-BF04AC9A920C}"
EndProject
Project("{9A19103F-16F7-4668-BE54-9A1E7A4F7556}") = "FocLab.Model", "FocLab.Model\FocLab.Model.csproj", "{65BD3695-0771-4B36-B8A5-A6E89F0DEA46}"
EndProject
Project("{9A19103F-16F7-4668-BE54-9A1E7A4F7556}") = "FocLab", "FocLab\FocLab.csproj", "{065F3281-5668-4F2A-A641-7B20BAA82279}"
EndProject
Project("{9A19103F-16F7-4668-BE54-9A1E7A4F7556}") = "MigrationTool", "MigrationTool\MigrationTool.csproj", "{F30BE4AC-CD24-409B-8987-450BA3D0DE6D}"
EndProject
Project("{9A19103F-16F7-4668-BE54-9A1E7A4F7556}") = "FocLab.Api", "FocLab.Api\FocLab.Api.csproj", "{268A3657-7E97-46F1-88A4-6D298175B4BB}"
EndProject
Project("{2150E333-8FDC-42A3-9474-1A3956D46DE8}") = "Ecc", "Ecc", "{0038E515-2DA1-486A-B73E-DDCEDB8A7298}"
EndProject
Project("{9A19103F-16F7-4668-BE54-9A1E7A4F7556}") = "Ecc.Logic", "Ecc\Ecc.Logic\Ecc.Logic.csproj", "{F1F27C90-037D-483B-A4D6-CCA1F72F0587}"
EndProject
Project("{9A19103F-16F7-4668-BE54-9A1E7A4F7556}") = "Zoo", "Zoo\Zoo.csproj", "{15185C27-1C0B-4124-B4FA-9ED8076D46D4}"
EndProject
Project("{2150E333-8FDC-42A3-9474-1A3956D46DE8}") = "NewFocLab", "NewFocLab", "{180B1FC3-D513-4973-A28C-90A842259FE9}"
EndProject
Project("{FAE04EC0-301F-11D3-BF4B-00C04F79EFBC}") = "NewFocLab.Model", "NewFocLab\NewFocLab.Model\NewFocLab.Model.csproj", "{ABD52651-BF65-4652-93B4-6C0099630935}"
EndProject
Project("{FAE04EC0-301F-11D3-BF4B-00C04F79EFBC}") = "NewFocLab.Logic", "NewFocLab\NewFocLab.Logic\NewFocLab.Logic.csproj", "{C9E4DA3B-12DC-4113-93E3-367C537E5636}"
EndProject
Global
	GlobalSection(SolutionConfigurationPlatforms) = preSolution
		Debug|Any CPU = Debug|Any CPU
		Release|Any CPU = Release|Any CPU
	EndGlobalSection
	GlobalSection(ProjectConfigurationPlatforms) = postSolution
		{A5575CBC-2DB7-466E-A271-BF04AC9A920C}.Debug|Any CPU.ActiveCfg = Debug|Any CPU
		{A5575CBC-2DB7-466E-A271-BF04AC9A920C}.Debug|Any CPU.Build.0 = Debug|Any CPU
		{A5575CBC-2DB7-466E-A271-BF04AC9A920C}.Release|Any CPU.ActiveCfg = Release|Any CPU
		{A5575CBC-2DB7-466E-A271-BF04AC9A920C}.Release|Any CPU.Build.0 = Release|Any CPU
		{65BD3695-0771-4B36-B8A5-A6E89F0DEA46}.Debug|Any CPU.ActiveCfg = Debug|Any CPU
		{65BD3695-0771-4B36-B8A5-A6E89F0DEA46}.Debug|Any CPU.Build.0 = Debug|Any CPU
		{65BD3695-0771-4B36-B8A5-A6E89F0DEA46}.Release|Any CPU.ActiveCfg = Release|Any CPU
		{65BD3695-0771-4B36-B8A5-A6E89F0DEA46}.Release|Any CPU.Build.0 = Release|Any CPU
		{065F3281-5668-4F2A-A641-7B20BAA82279}.Debug|Any CPU.ActiveCfg = Debug|Any CPU
		{065F3281-5668-4F2A-A641-7B20BAA82279}.Debug|Any CPU.Build.0 = Debug|Any CPU
		{065F3281-5668-4F2A-A641-7B20BAA82279}.Release|Any CPU.ActiveCfg = Release|Any CPU
		{065F3281-5668-4F2A-A641-7B20BAA82279}.Release|Any CPU.Build.0 = Release|Any CPU
		{F30BE4AC-CD24-409B-8987-450BA3D0DE6D}.Debug|Any CPU.ActiveCfg = Debug|Any CPU
		{F30BE4AC-CD24-409B-8987-450BA3D0DE6D}.Debug|Any CPU.Build.0 = Debug|Any CPU
		{F30BE4AC-CD24-409B-8987-450BA3D0DE6D}.Release|Any CPU.ActiveCfg = Release|Any CPU
		{F30BE4AC-CD24-409B-8987-450BA3D0DE6D}.Release|Any CPU.Build.0 = Release|Any CPU
		{268A3657-7E97-46F1-88A4-6D298175B4BB}.Debug|Any CPU.ActiveCfg = Debug|Any CPU
		{268A3657-7E97-46F1-88A4-6D298175B4BB}.Debug|Any CPU.Build.0 = Debug|Any CPU
		{268A3657-7E97-46F1-88A4-6D298175B4BB}.Release|Any CPU.ActiveCfg = Release|Any CPU
		{268A3657-7E97-46F1-88A4-6D298175B4BB}.Release|Any CPU.Build.0 = Release|Any CPU
		{F1F27C90-037D-483B-A4D6-CCA1F72F0587}.Debug|Any CPU.ActiveCfg = Debug|Any CPU
		{F1F27C90-037D-483B-A4D6-CCA1F72F0587}.Debug|Any CPU.Build.0 = Debug|Any CPU
		{F1F27C90-037D-483B-A4D6-CCA1F72F0587}.Release|Any CPU.ActiveCfg = Release|Any CPU
		{F1F27C90-037D-483B-A4D6-CCA1F72F0587}.Release|Any CPU.Build.0 = Release|Any CPU
		{15185C27-1C0B-4124-B4FA-9ED8076D46D4}.Debug|Any CPU.ActiveCfg = Debug|Any CPU
		{15185C27-1C0B-4124-B4FA-9ED8076D46D4}.Debug|Any CPU.Build.0 = Debug|Any CPU
		{15185C27-1C0B-4124-B4FA-9ED8076D46D4}.Release|Any CPU.ActiveCfg = Release|Any CPU
		{15185C27-1C0B-4124-B4FA-9ED8076D46D4}.Release|Any CPU.Build.0 = Release|Any CPU
		{ABD52651-BF65-4652-93B4-6C0099630935}.Debug|Any CPU.ActiveCfg = Debug|Any CPU
		{ABD52651-BF65-4652-93B4-6C0099630935}.Debug|Any CPU.Build.0 = Debug|Any CPU
		{ABD52651-BF65-4652-93B4-6C0099630935}.Release|Any CPU.ActiveCfg = Release|Any CPU
		{ABD52651-BF65-4652-93B4-6C0099630935}.Release|Any CPU.Build.0 = Release|Any CPU
		{C9E4DA3B-12DC-4113-93E3-367C537E5636}.Debug|Any CPU.ActiveCfg = Debug|Any CPU
		{C9E4DA3B-12DC-4113-93E3-367C537E5636}.Debug|Any CPU.Build.0 = Debug|Any CPU
		{C9E4DA3B-12DC-4113-93E3-367C537E5636}.Release|Any CPU.ActiveCfg = Release|Any CPU
		{C9E4DA3B-12DC-4113-93E3-367C537E5636}.Release|Any CPU.Build.0 = Release|Any CPU
	EndGlobalSection
	GlobalSection(SolutionProperties) = preSolution
		HideSolutionNode = FALSE
	EndGlobalSection
	GlobalSection(NestedProjects) = preSolution
		{F1F27C90-037D-483B-A4D6-CCA1F72F0587} = {0038E515-2DA1-486A-B73E-DDCEDB8A7298}
		{ABD52651-BF65-4652-93B4-6C0099630935} = {180B1FC3-D513-4973-A28C-90A842259FE9}
		{C9E4DA3B-12DC-4113-93E3-367C537E5636} = {180B1FC3-D513-4973-A28C-90A842259FE9}
	EndGlobalSection
	GlobalSection(ExtensibilityGlobals) = postSolution
		SolutionGuid = {D57DB8FF-8183-4128-9874-8DD9AF735725}
	EndGlobalSection
EndGlobal
